
Microsoft Visual Studio Solution File, Format Version 12.00
# Visual Studio 14
VisualStudioVersion = 14.0.22823.1
MinimumVisualStudioVersion = 10.0.40219.1
Project("{FAE04EC0-301F-11D3-BF4B-00C04F79EFBC}") = "NotifyPropertyChangedGenerator", "NotifyPropertyChangedGenerator\NotifyPropertyChangedGenerator\NotifyPropertyChangedGenerator.csproj", "{D98B83EA-3DC3-4379-9B7B-5EE033BA9C2B}"
EndProject
Project("{FAE04EC0-301F-11D3-BF4B-00C04F79EFBC}") = "NotifyPropertyChangedGenerator.Test", "NotifyPropertyChangedGenerator\NotifyPropertyChangedGenerator.Test\NotifyPropertyChangedGenerator.Test.csproj", "{BF3D1E76-208C-4B9B-8C13-DB64700CD968}"
EndProject
Project("{FAE04EC0-301F-11D3-BF4B-00C04F79EFBC}") = "NotifyPropertyChangedGenerator.Vsix", "NotifyPropertyChangedGenerator\NotifyPropertyChangedGenerator.Vsix\NotifyPropertyChangedGenerator.Vsix.csproj", "{6C7EBA08-9DA2-4F57-A136-DAA7B0103993}"
EndProject
Global
	GlobalSection(SolutionConfigurationPlatforms) = preSolution
		Debug|Any CPU = Debug|Any CPU
		Release|Any CPU = Release|Any CPU
	EndGlobalSection
	GlobalSection(ProjectConfigurationPlatforms) = postSolution
		{D98B83EA-3DC3-4379-9B7B-5EE033BA9C2B}.Debug|Any CPU.ActiveCfg = Debug|Any CPU
		{D98B83EA-3DC3-4379-9B7B-5EE033BA9C2B}.Debug|Any CPU.Build.0 = Debug|Any CPU
		{D98B83EA-3DC3-4379-9B7B-5EE033BA9C2B}.Release|Any CPU.ActiveCfg = Release|Any CPU
		{D98B83EA-3DC3-4379-9B7B-5EE033BA9C2B}.Release|Any CPU.Build.0 = Release|Any CPU
		{BF3D1E76-208C-4B9B-8C13-DB64700CD968}.Debug|Any CPU.ActiveCfg = Debug|Any CPU
		{BF3D1E76-208C-4B9B-8C13-DB64700CD968}.Debug|Any CPU.Build.0 = Debug|Any CPU
		{BF3D1E76-208C-4B9B-8C13-DB64700CD968}.Release|Any CPU.ActiveCfg = Release|Any CPU
		{BF3D1E76-208C-4B9B-8C13-DB64700CD968}.Release|Any CPU.Build.0 = Release|Any CPU
		{6C7EBA08-9DA2-4F57-A136-DAA7B0103993}.Debug|Any CPU.ActiveCfg = Debug|Any CPU
		{6C7EBA08-9DA2-4F57-A136-DAA7B0103993}.Debug|Any CPU.Build.0 = Debug|Any CPU
		{6C7EBA08-9DA2-4F57-A136-DAA7B0103993}.Release|Any CPU.ActiveCfg = Release|Any CPU
		{6C7EBA08-9DA2-4F57-A136-DAA7B0103993}.Release|Any CPU.Build.0 = Release|Any CPU
	EndGlobalSection
	GlobalSection(SolutionProperties) = preSolution
		HideSolutionNode = FALSE
	EndGlobalSection
EndGlobal
